
Microsoft Visual Studio Solution File, Format Version 12.00
# Visual Studio Version 17
VisualStudioVersion = 17.10.35013.160
MinimumVisualStudioVersion = 10.0.40219.1
Project("{FAE04EC0-301F-11D3-BF4B-00C04F79EFBC}") = "blog_api", "blog_api.csproj", "{5DF08698-C34A-4787-A08B-4979E87C943D}"
EndProject
Global
	GlobalSection(SolutionConfigurationPlatforms) = preSolution
		Debug|Any CPU = Debug|Any CPU
		Release|Any CPU = Release|Any CPU
	EndGlobalSection
	GlobalSection(ProjectConfigurationPlatforms) = postSolution
		{5DF08698-C34A-4787-A08B-4979E87C943D}.Debug|Any CPU.ActiveCfg = Debug|Any CPU
		{5DF08698-C34A-4787-A08B-4979E87C943D}.Debug|Any CPU.Build.0 = Debug|Any CPU
		{5DF08698-C34A-4787-A08B-4979E87C943D}.Release|Any CPU.ActiveCfg = Release|Any CPU
		{5DF08698-C34A-4787-A08B-4979E87C943D}.Release|Any CPU.Build.0 = Release|Any CPU
	EndGlobalSection
	GlobalSection(SolutionProperties) = preSolution
		HideSolutionNode = FALSE
	EndGlobalSection
	GlobalSection(ExtensibilityGlobals) = postSolution
		SolutionGuid = {78FA7BC1-280A-4C87-8206-F68802C75C16}
	EndGlobalSection
EndGlobal
